<?xml version="1.0" encoding="utf-8"?>
<Project ToolsVersion="4.0" xmlns="http://schemas.microsoft.com/developer/msbuild/2003">
  <ItemGroup>
    <Filter Include="Source Files">
      <UniqueIdentifier>{4FC737F1-C7A5-4376-A066-2A32D752A2FF}</UniqueIdentifier>
      <Extensions>cpp;c;cc;cxx;def;odl;idl;hpj;bat;asm;asmx</Extensions>
    </Filter>
    <Filter Include="Header Files">
      <UniqueIdentifier>{93995380-89BD-4b04-88EB-625FBE52EBFB}</UniqueIdentifier>
      <Extensions>h;hh;hpp;hxx;hm;inl;inc;xsd</Extensions>
    </Filter>
    <Filter Include="Source Files\utils">
      <UniqueIdentifier>{547125e8-9804-4836-81dc-6ce6b55c789f}</UniqueIdentifier>
    </Filter>
    <Filter Include="Header Files\utils">
      <UniqueIdentifier>{dd6ff348-6aaa-4408-a4bf-97e84d07aed5}</UniqueIdentifier>
    </Filter>
    <Filter Include="Header Files\device">
      <UniqueIdentifier>{1673d5a9-94d4-42b0-b196-c45e8ca62187}</UniqueIdentifier>
    </Filter>
    <Filter Include="Source Files\device">
      <UniqueIdentifier>{2a9124a7-4a96-437a-bf1e-243ddc721bfb}</UniqueIdentifier>
    </Filter>
    <Filter Include="libs">
      <UniqueIdentifier>{a4d7b9d6-784e-4351-88e8-c41d37cb44ba}</UniqueIdentifier>
    </Filter>
    <Filter Include="libs\imgui">
      <UniqueIdentifier>{3b2a0b13-2764-4682-8063-7527aab68b51}</UniqueIdentifier>
    </Filter>
  </ItemGroup>
  <ItemGroup>
    <ClCompile Include="src\main.cpp">
      <Filter>Source Files</Filter>
    </ClCompile>
    <ClCompile Include="src\utils\file.cpp">
      <Filter>Source Files\utils</Filter>
    </ClCompile>
    <ClCompile Include="src\utils\string.cpp">
      <Filter>Source Files\utils</Filter>
    </ClCompile>
    <ClCompile Include="src\mipsInstructions.cpp">
      <Filter>Source Files</Filter>
    </ClCompile>
    <ClCompile Include="src\mips.cpp">
      <Filter>Source Files</Filter>
    </ClCompile>
    <ClCompile Include="src\device\gpu.cpp">
      <Filter>Source Files\device</Filter>
    </ClCompile>
    <ClCompile Include="src\device\dummy.cpp">
      <Filter>Source Files\device</Filter>
    </ClCompile>
    <ClCompile Include="src\device\dma.cpp">
      <Filter>Source Files\device</Filter>
    </ClCompile>
    <ClCompile Include="externals\imgui\imgui.cpp">
      <Filter>libs\imgui</Filter>
    </ClCompile>
    <ClCompile Include="externals\imgui\examples\sdl_opengl_example\imgui_impl_sdl.cpp">
      <Filter>libs\imgui</Filter>
    </ClCompile>
    <ClCompile Include="externals\imgui\imgui_draw.cpp">
      <Filter>libs\imgui</Filter>
    </ClCompile>
    <ClCompile Include="src\device\dmaChannel.cpp">
      <Filter>Source Files\device</Filter>
    </ClCompile>
    <ClCompile Include="src\device\interrupt.cpp">
      <Filter>Source Files\device</Filter>
    </ClCompile>
    <ClCompile Include="src\device\cdrom.cpp">
      <Filter>Source Files\device</Filter>
    </ClCompile>
    <ClCompile Include="src\device\timer.cpp">
      <Filter>Source Files\device</Filter>
    </ClCompile>
  </ItemGroup>
  <ItemGroup>
    <ClInclude Include="src\utils\file.h">
      <Filter>Header Files\utils</Filter>
    </ClInclude>
    <ClInclude Include="src\utils\string.h">
      <Filter>Header Files\utils</Filter>
    </ClInclude>
    <ClInclude Include="src\mipsInstructions.h">
      <Filter>Header Files</Filter>
    </ClInclude>
    <ClInclude Include="src\mips.h">
      <Filter>Header Files</Filter>
    </ClInclude>
    <ClInclude Include="src\device\gpu.h">
      <Filter>Header Files\device</Filter>
    </ClInclude>
    <ClInclude Include="src\psxExe.h">
      <Filter>Header Files</Filter>
    </ClInclude>
    <ClInclude Include="src\device\device.h">
      <Filter>Header Files\device</Filter>
    </ClInclude>
    <ClInclude Include="src\device\dummy.h">
      <Filter>Header Files\device</Filter>
    </ClInclude>
    <ClInclude Include="src\device\dma.h">
      <Filter>Header Files\device</Filter>
    </ClInclude>
    <ClInclude Include="src\device\dmaChannel.h">
      <Filter>Header Files\device</Filter>
    </ClInclude>
    <ClInclude Include="src\device\dma2Channel.h">
      <Filter>Header Files\device</Filter>
    </ClInclude>
    <ClInclude Include="src\device\dma6Channel.h">
      <Filter>Header Files\device</Filter>
    </ClInclude>
    <ClInclude Include="src\device\interrupt.h">
      <Filter>Header Files\device</Filter>
    </ClInclude>
    <ClInclude Include="src\device\cdrom.h">
      <Filter>Header Files\device</Filter>
    </ClInclude>
    <ClInclude Include="src\cop0.h">
      <Filter>Header Files</Filter>
    </ClInclude>
    <ClInclude Include="src\device\timer.h">
      <Filter>Header Files\device</Filter>
    </ClInclude>
  </ItemGroup>
</Project>